STORAGE: NONE
RESTRICTION: == net8.0
NUGET
  remote: https://www.nuget.org/api/v2
    coverlet.collector (6.0) - copy_local: true
    Humanizer.Core (2.14.1)
    Microsoft.AspNetCore.Connections.Abstractions (8.0.1)
      Microsoft.Extensions.Features (>= 8.0.1)
      System.IO.Pipelines (>= 8.0)
    Microsoft.Bcl.AsyncInterfaces (8.0)
    Microsoft.CodeAnalysis.Analyzers (3.3.4)
    Microsoft.CodeAnalysis.Common (4.8)
      Microsoft.CodeAnalysis.Analyzers (>= 3.3.4)
      System.Collections.Immutable (>= 7.0)
      System.Reflection.Metadata (>= 7.0)
      System.Runtime.CompilerServices.Unsafe (>= 6.0)
    Microsoft.CodeAnalysis.Workspaces.Common (4.8)
      Humanizer.Core (>= 2.14.1)
      Microsoft.Bcl.AsyncInterfaces (>= 7.0)
      Microsoft.CodeAnalysis.Common (4.8)
      System.Composition (>= 7.0)
      System.IO.Pipelines (>= 7.0)
      System.Threading.Channels (>= 7.0)
    Microsoft.CodeCoverage (17.8)
    Microsoft.Extensions.ApiDescription.Server (7.0.11)
    Microsoft.Extensions.Configuration (8.0)
      Microsoft.Extensions.Configuration.Abstractions (>= 8.0)
      Microsoft.Extensions.Primitives (>= 8.0)
    Microsoft.Extensions.Configuration.Abstractions (8.0)
      Microsoft.Extensions.Primitives (>= 8.0)
    Microsoft.Extensions.Configuration.Binder (8.0.1)
      Microsoft.Extensions.Configuration.Abstractions (>= 8.0)
    Microsoft.Extensions.Configuration.CommandLine (8.0)
      Microsoft.Extensions.Configuration (>= 8.0)
      Microsoft.Extensions.Configuration.Abstractions (>= 8.0)
    Microsoft.Extensions.Configuration.EnvironmentVariables (8.0)
      Microsoft.Extensions.Configuration (>= 8.0)
      Microsoft.Extensions.Configuration.Abstractions (>= 8.0)
    Microsoft.Extensions.Configuration.FileExtensions (8.0)
      Microsoft.Extensions.Configuration (>= 8.0)
      Microsoft.Extensions.Configuration.Abstractions (>= 8.0)
      Microsoft.Extensions.FileProviders.Abstractions (>= 8.0)
      Microsoft.Extensions.FileProviders.Physical (>= 8.0)
      Microsoft.Extensions.Primitives (>= 8.0)
    Microsoft.Extensions.Configuration.Json (8.0)
      Microsoft.Extensions.Configuration (>= 8.0)
      Microsoft.Extensions.Configuration.Abstractions (>= 8.0)
      Microsoft.Extensions.Configuration.FileExtensions (>= 8.0)
      Microsoft.Extensions.FileProviders.Abstractions (>= 8.0)
      System.Text.Json (>= 8.0)
    Microsoft.Extensions.Configuration.UserSecrets (8.0)
      Microsoft.Extensions.Configuration.Abstractions (>= 8.0)
      Microsoft.Extensions.Configuration.Json (>= 8.0)
      Microsoft.Extensions.FileProviders.Abstractions (>= 8.0)
      Microsoft.Extensions.FileProviders.Physical (>= 8.0)
    Microsoft.Extensions.DependencyInjection (8.0)
      Microsoft.Extensions.DependencyInjection.Abstractions (>= 8.0)
    Microsoft.Extensions.DependencyInjection.Abstractions (8.0)
    Microsoft.Extensions.DependencyModel (8.0)
      System.Text.Encodings.Web (>= 8.0)
      System.Text.Json (>= 8.0)
    Microsoft.Extensions.Diagnostics (8.0)
      Microsoft.Extensions.Configuration (>= 8.0)
      Microsoft.Extensions.Diagnostics.Abstractions (>= 8.0)
      Microsoft.Extensions.Options.ConfigurationExtensions (>= 8.0)
    Microsoft.Extensions.Diagnostics.Abstractions (8.0)
      Microsoft.Extensions.DependencyInjection.Abstractions (>= 8.0)
      Microsoft.Extensions.Options (>= 8.0)
      System.Diagnostics.DiagnosticSource (>= 8.0)
    Microsoft.Extensions.Diagnostics.HealthChecks (8.0.1)
      Microsoft.Extensions.Diagnostics.HealthChecks.Abstractions (>= 8.0.1)
      Microsoft.Extensions.Hosting.Abstractions (>= 8.0)
      Microsoft.Extensions.Logging.Abstractions (>= 8.0)
      Microsoft.Extensions.Options (>= 8.0.1)
    Microsoft.Extensions.Diagnostics.HealthChecks.Abstractions (8.0.1)
    Microsoft.Extensions.Features (8.0.1)
    Microsoft.Extensions.FileProviders.Abstractions (8.0)
      Microsoft.Extensions.Primitives (>= 8.0)
    Microsoft.Extensions.FileProviders.Physical (8.0)
      Microsoft.Extensions.FileProviders.Abstractions (>= 8.0)
      Microsoft.Extensions.FileSystemGlobbing (>= 8.0)
      Microsoft.Extensions.Primitives (>= 8.0)
    Microsoft.Extensions.FileSystemGlobbing (8.0)
    Microsoft.Extensions.Hosting (8.0)
      Microsoft.Extensions.Configuration (>= 8.0)
      Microsoft.Extensions.Configuration.Abstractions (>= 8.0)
      Microsoft.Extensions.Configuration.Binder (>= 8.0)
      Microsoft.Extensions.Configuration.CommandLine (>= 8.0)
      Microsoft.Extensions.Configuration.EnvironmentVariables (>= 8.0)
      Microsoft.Extensions.Configuration.FileExtensions (>= 8.0)
      Microsoft.Extensions.Configuration.Json (>= 8.0)
      Microsoft.Extensions.Configuration.UserSecrets (>= 8.0)
      Microsoft.Extensions.DependencyInjection (>= 8.0)
      Microsoft.Extensions.DependencyInjection.Abstractions (>= 8.0)
      Microsoft.Extensions.Diagnostics (>= 8.0)
      Microsoft.Extensions.FileProviders.Abstractions (>= 8.0)
      Microsoft.Extensions.FileProviders.Physical (>= 8.0)
      Microsoft.Extensions.Hosting.Abstractions (>= 8.0)
      Microsoft.Extensions.Logging (>= 8.0)
      Microsoft.Extensions.Logging.Abstractions (>= 8.0)
      Microsoft.Extensions.Logging.Configuration (>= 8.0)
      Microsoft.Extensions.Logging.Console (>= 8.0)
      Microsoft.Extensions.Logging.Debug (>= 8.0)
      Microsoft.Extensions.Logging.EventLog (>= 8.0)
      Microsoft.Extensions.Logging.EventSource (>= 8.0)
      Microsoft.Extensions.Options (>= 8.0)
    Microsoft.Extensions.Hosting.Abstractions (8.0)
      Microsoft.Extensions.Configuration.Abstractions (>= 8.0)
      Microsoft.Extensions.DependencyInjection.Abstractions (>= 8.0)
      Microsoft.Extensions.Diagnostics.Abstractions (>= 8.0)
      Microsoft.Extensions.FileProviders.Abstractions (>= 8.0)
      Microsoft.Extensions.Logging.Abstractions (>= 8.0)
    Microsoft.Extensions.Logging (8.0)
      Microsoft.Extensions.DependencyInjection (>= 8.0)
      Microsoft.Extensions.Logging.Abstractions (>= 8.0)
      Microsoft.Extensions.Options (>= 8.0)
    Microsoft.Extensions.Logging.Abstractions (8.0)
      Microsoft.Extensions.DependencyInjection.Abstractions (>= 8.0)
    Microsoft.Extensions.Logging.Configuration (8.0)
      Microsoft.Extensions.Configuration (>= 8.0)
      Microsoft.Extensions.Configuration.Abstractions (>= 8.0)
      Microsoft.Extensions.Configuration.Binder (>= 8.0)
      Microsoft.Extensions.DependencyInjection.Abstractions (>= 8.0)
      Microsoft.Extensions.Logging (>= 8.0)
      Microsoft.Extensions.Logging.Abstractions (>= 8.0)
      Microsoft.Extensions.Options (>= 8.0)
      Microsoft.Extensions.Options.ConfigurationExtensions (>= 8.0)
    Microsoft.Extensions.Logging.Console (8.0)
      Microsoft.Extensions.DependencyInjection.Abstractions (>= 8.0)
      Microsoft.Extensions.Logging (>= 8.0)
      Microsoft.Extensions.Logging.Abstractions (>= 8.0)
      Microsoft.Extensions.Logging.Configuration (>= 8.0)
      Microsoft.Extensions.Options (>= 8.0)
      System.Text.Json (>= 8.0)
    Microsoft.Extensions.Logging.Debug (8.0)
      Microsoft.Extensions.DependencyInjection.Abstractions (>= 8.0)
      Microsoft.Extensions.Logging (>= 8.0)
      Microsoft.Extensions.Logging.Abstractions (>= 8.0)
    Microsoft.Extensions.Logging.EventLog (8.0)
      Microsoft.Extensions.DependencyInjection.Abstractions (>= 8.0)
      Microsoft.Extensions.Logging (>= 8.0)
      Microsoft.Extensions.Logging.Abstractions (>= 8.0)
      Microsoft.Extensions.Options (>= 8.0)
      System.Diagnostics.EventLog (>= 8.0)
    Microsoft.Extensions.Logging.EventSource (8.0)
      Microsoft.Extensions.DependencyInjection.Abstractions (>= 8.0)
      Microsoft.Extensions.Logging (>= 8.0)
      Microsoft.Extensions.Logging.Abstractions (>= 8.0)
      Microsoft.Extensions.Options (>= 8.0)
      Microsoft.Extensions.Primitives (>= 8.0)
      System.Text.Json (>= 8.0)
    Microsoft.Extensions.ObjectPool (8.0.1)
    Microsoft.Extensions.Options (8.0.1)
      Microsoft.Extensions.DependencyInjection.Abstractions (>= 8.0)
      Microsoft.Extensions.Primitives (>= 8.0)
    Microsoft.Extensions.Options.ConfigurationExtensions (8.0)
      Microsoft.Extensions.Configuration.Abstractions (>= 8.0)
      Microsoft.Extensions.Configuration.Binder (>= 8.0)
      Microsoft.Extensions.DependencyInjection.Abstractions (>= 8.0)
      Microsoft.Extensions.Options (>= 8.0)
      Microsoft.Extensions.Primitives (>= 8.0)
    Microsoft.Extensions.Primitives (8.0)
    Microsoft.NET.Test.Sdk (17.8)
      Microsoft.CodeCoverage (>= 17.8)
      Microsoft.TestPlatform.TestHost (>= 17.8)
    Microsoft.OpenApi (1.6.9)
    Microsoft.Orleans.Analyzers (8.0)
    Microsoft.Orleans.Client (8.0)
      Microsoft.Orleans.Sdk (>= 8.0)
    Microsoft.Orleans.Clustering.Redis (8.0)
      Microsoft.Extensions.Options.ConfigurationExtensions (>= 8.0)
      Microsoft.Orleans.Runtime (>= 8.0)
      Newtonsoft.Json (>= 13.0.3)
      StackExchange.Redis (>= 2.6.122)
    Microsoft.Orleans.CodeGenerator (8.0)
    Microsoft.Orleans.Core (8.0)
      Microsoft.AspNetCore.Connections.Abstractions (>= 8.0)
      Microsoft.Extensions.Configuration (>= 8.0)
      Microsoft.Extensions.DependencyModel (>= 8.0)
      Microsoft.Extensions.Hosting (>= 8.0)
      Microsoft.Extensions.Logging (>= 8.0)
      Microsoft.Extensions.ObjectPool (>= 8.0)
      Microsoft.Extensions.Options.ConfigurationExtensions (>= 8.0)
      Microsoft.Orleans.Core.Abstractions (>= 8.0)
      Newtonsoft.Json (>= 13.0.3)
      System.Memory.Data (>= 8.0)
    Microsoft.Orleans.Core.Abstractions (8.0)
      Microsoft.Extensions.Logging (>= 8.0)
      Microsoft.Orleans.Serialization (>= 8.0)
    Microsoft.Orleans.Persistence.Memory (8.0)
      Microsoft.Orleans.Runtime (>= 8.0)
    Microsoft.Orleans.Persistence.Redis (8.0)
      Microsoft.Orleans.Runtime (>= 8.0)
      StackExchange.Redis (>= 2.6.122)
    Microsoft.Orleans.Reminders (8.0)
      Microsoft.Orleans.Core.Abstractions (>= 8.0)
      Microsoft.Orleans.Runtime (>= 8.0)
      Microsoft.Orleans.Sdk (>= 8.0)
    Microsoft.Orleans.Reminders.Redis (8.0)
      Microsoft.Orleans.Reminders (>= 8.0)
      Microsoft.Orleans.Runtime (>= 8.0)
      Newtonsoft.Json (>= 13.0.3)
      StackExchange.Redis (>= 2.6.122)
    Microsoft.Orleans.Runtime (8.0)
      Microsoft.Orleans.Core (>= 8.0)
    Microsoft.Orleans.Sdk (8.0)
      Microsoft.Orleans.Analyzers (>= 8.0)
      Microsoft.Orleans.CodeGenerator (>= 8.0)
      Microsoft.Orleans.Core (>= 8.0)
    Microsoft.Orleans.Serialization (8.0)
      Microsoft.CodeAnalysis.Common (>= 4.8)
      Microsoft.CodeAnalysis.Workspaces.Common (>= 4.8)
      Microsoft.Extensions.DependencyInjection.Abstractions (>= 8.0)
      Microsoft.Extensions.DependencyModel (>= 8.0)
      Microsoft.Extensions.ObjectPool (>= 8.0)
      Microsoft.Extensions.Options (>= 8.0)
      Microsoft.Orleans.Serialization.Abstractions (>= 8.0)
      System.IO.Hashing (>= 8.0)
    Microsoft.Orleans.Serialization.Abstractions (8.0)
      Microsoft.Extensions.DependencyInjection.Abstractions (>= 8.0)
    Microsoft.Orleans.Server (8.0)
      Microsoft.Orleans.Persistence.Memory (>= 8.0)
      Microsoft.Orleans.Runtime (>= 8.0)
      Microsoft.Orleans.Sdk (>= 8.0)
    Microsoft.TestPlatform.ObjectModel (17.8)
      NuGet.Frameworks (>= 6.5)
      System.Reflection.Metadata (>= 1.6)
    Microsoft.TestPlatform.TestHost (17.8)
      Microsoft.TestPlatform.ObjectModel (>= 17.8)
      Newtonsoft.Json (>= 13.0.1)
    Newtonsoft.Json (13.0.3)
    NuGet.Frameworks (6.7)
    OpenTelemetry (1.7)
      Microsoft.Extensions.Logging (>= 8.0)
      Microsoft.Extensions.Logging.Configuration (>= 8.0)
      OpenTelemetry.Api.ProviderBuilderExtensions (>= 1.7)
    OpenTelemetry.Api (1.7)
      System.Diagnostics.DiagnosticSource (>= 8.0)
    OpenTelemetry.Api.ProviderBuilderExtensions (1.7)
      Microsoft.Extensions.DependencyInjection.Abstractions (>= 8.0)
      OpenTelemetry.Api (>= 1.7)
    OpenTelemetry.Exporter.Prometheus.AspNetCore (1.7.0-rc.1)
      OpenTelemetry (>= 1.7.0-rc.1)
    OpenTelemetry.Extensions.Hosting (1.7)
      Microsoft.Extensions.Diagnostics.Abstractions (>= 8.0)
      Microsoft.Extensions.Hosting.Abstractions (>= 8.0)
      OpenTelemetry (>= 1.7)
    OrleansDashboard (7.2.2)
      Microsoft.Orleans.Reminders (>= 7.2)
      Microsoft.Orleans.Sdk (>= 7.2)
      OpenTelemetry (>= 1.5.1)
      OrleansDashboard.Core (>= 7.2.2)
    OrleansDashboard.Core (7.2.2)
      Microsoft.Orleans.Runtime (>= 7.2)
      Microsoft.Orleans.Sdk (>= 7.2)
    Pipelines.Sockets.Unofficial (2.2.8)
      System.IO.Pipelines (>= 5.0.1)
    Polly (8.2.1)
      Polly.Core (>= 8.2.1)
    Polly.Core (8.2.1)
    Serilog (3.1.1)
    Serilog.AspNetCore (8.0)
      Microsoft.Extensions.DependencyInjection (>= 8.0)
      Microsoft.Extensions.Logging (>= 8.0)
      Serilog (>= 3.1.1)
      Serilog.Extensions.Hosting (>= 8.0)
      Serilog.Extensions.Logging (>= 8.0)
      Serilog.Formatting.Compact (>= 2.0)
      Serilog.Settings.Configuration (>= 8.0)
      Serilog.Sinks.Console (>= 5.0)
      Serilog.Sinks.Debug (>= 2.0)
      Serilog.Sinks.File (>= 5.0)
    Serilog.Extensions.Hosting (8.0)
      Microsoft.Extensions.DependencyInjection.Abstractions (>= 8.0)
      Microsoft.Extensions.Hosting.Abstractions (>= 8.0)
      Microsoft.Extensions.Logging.Abstractions (>= 8.0)
      Serilog (>= 3.1.1)
      Serilog.Extensions.Logging (>= 8.0)
    Serilog.Extensions.Logging (8.0)
      Microsoft.Extensions.Logging (>= 8.0)
      Serilog (>= 3.1.1)
    Serilog.Formatting.Compact (2.0)
      Serilog (>= 3.1)
    Serilog.Settings.Configuration (8.0)
      Microsoft.Extensions.Configuration.Binder (>= 8.0)
      Microsoft.Extensions.DependencyModel (>= 8.0)
      Serilog (>= 3.1.1)
    Serilog.Sinks.Console (5.0.1)
      Serilog (>= 3.1.1)
    Serilog.Sinks.Debug (2.0)
      Serilog (>= 2.10)
    Serilog.Sinks.File (5.0)
      Serilog (>= 2.10)
    StackExchange.Redis (2.7.17)
      Microsoft.Extensions.Logging.Abstractions (>= 6.0)
      Pipelines.Sockets.Unofficial (>= 2.2.8)
    Swashbuckle.AspNetCore (6.5)
      Microsoft.Extensions.ApiDescription.Server (>= 6.0.5)
      Swashbuckle.AspNetCore.Swagger (>= 6.5)
      Swashbuckle.AspNetCore.SwaggerGen (>= 6.5)
      Swashbuckle.AspNetCore.SwaggerUI (>= 6.5)
    Swashbuckle.AspNetCore.Swagger (6.5)
      Microsoft.OpenApi (>= 1.2.3)
    Swashbuckle.AspNetCore.SwaggerGen (6.5)
      Swashbuckle.AspNetCore.Swagger (>= 6.5)
    Swashbuckle.AspNetCore.SwaggerUI (6.5)
    System.Collections.Immutable (7.0)
    System.Composition (8.0)
      System.Composition.AttributedModel (>= 8.0)
      System.Composition.Convention (>= 8.0)
      System.Composition.Hosting (>= 8.0)
      System.Composition.Runtime (>= 8.0)
      System.Composition.TypedParts (>= 8.0)
    System.Composition.AttributedModel (8.0)
    System.Composition.Convention (8.0)
      System.Composition.AttributedModel (>= 8.0)
    System.Composition.Hosting (8.0)
      System.Composition.Runtime (>= 8.0)
    System.Composition.Runtime (8.0)
    System.Composition.TypedParts (8.0)
      System.Composition.AttributedModel (>= 8.0)
      System.Composition.Hosting (>= 8.0)
      System.Composition.Runtime (>= 8.0)
    System.Diagnostics.DiagnosticSource (8.0)
    System.Diagnostics.EventLog (8.0)
    System.Interactive (6.0.1)
    System.IO.Hashing (8.0)
    System.IO.Pipelines (8.0)
    System.Memory.Data (8.0)
      System.Text.Json (>= 8.0)
    System.Reactive (6.0)
    System.Reflection.Metadata (7.0.2)
      System.Collections.Immutable (>= 7.0)
    System.Runtime.CompilerServices.Unsafe (6.0)
    System.Text.Encodings.Web (8.0)
    System.Text.Json (8.0.1)
      System.Text.Encodings.Web (>= 8.0)
    System.Threading.Channels (8.0)
    xunit (2.6.6)
      xunit.analyzers (>= 1.10)
      xunit.assert (>= 2.6.6)
      xunit.core (2.6.6)
    xunit.abstractions (2.0.3)
    xunit.analyzers (1.10)
    xunit.assert (2.6.6)
    xunit.core (2.6.6)
      xunit.extensibility.core (2.6.6)
      xunit.extensibility.execution (2.6.6)
    xunit.extensibility.core (2.6.6)
      xunit.abstractions (>= 2.0.3)
    xunit.extensibility.execution (2.6.6)
      xunit.extensibility.core (2.6.6)
    xunit.runner.visualstudio (2.5.6) - copy_local: true
